{
  "version": 4,
  "terraform_version": "1.15.1",
  "serial": 5,
  "lineage": "98067564-f905-f16f-bb41-548d2e4ad4b5",
  "outputs": {},
  "resources": [
    {
      "mode": "managed",
      "type": "signalfx_dashboard",
      "name": "infra_dashboard",
      "provider": "provider[\"registry.terraform.io/splunk-terraform/signalfx\"]",
      "instances": [
        {
          "schema_version": 0,
          "attributes": {
            "authorized_writer_teams": null,
            "authorized_writer_users": null,
            "chart": [
              {
                "chart_id": "HHfjNDzA4AU",
                "column": null,
                "height": 1,
                "row": null,
                "width": 12
              },
              {
                "chart_id": "HHfjPBIA0AA",
                "column": null,
                "height": 1,
                "row": null,
                "width": 12
              }
            ],
            "charts_resolution": "default",
            "column": [],
            "dashboard_group": "HHfjN4IAwAI",
            "description": "Terraform-managed Observability dashboard",
            "discovery_options_query": null,
            "discovery_options_selectors": null,
            "end_time": null,
            "event_overlay": [],
            "filter": [],
            "grid": [],
            "id": "HHfjJ4HA0AA",
            "name": "GitOps Infra Dashboard",
            "permissions": [
              {
                "acl": [],
                "parent": "HHfjN4IAwAI"
              }
            ],
            "selected_event_overlay": [],
            "start_time": null,
            "tags": null,
            "time_range": "-15m",
            "url": "https://app.us1.observability.splunkcloud.com/#/dashboard/HHfjJ4HA0AA",
            "variable": []
          },
          "sensitive_attributes": [],
          "identity_schema_version": 0,
          "private": "bnVsbA==",
          "dependencies": [
            "signalfx_dashboard_group.infra_group",
            "signalfx_time_chart.cpu",
            "signalfx_time_chart.memory"
          ]
        }
      ]
    },
    {
      "mode": "managed",
      "type": "signalfx_dashboard_group",
      "name": "infra_group",
      "provider": "provider[\"registry.terraform.io/splunk-terraform/signalfx\"]",
      "instances": [
        {
          "schema_version": 0,
          "attributes": {
            "authorized_writer_teams": null,
            "authorized_writer_users": null,
            "dashboard": [],
            "description": "Managed by Terraform",
            "id": "HHfjN4IAwAI",
            "import_qualifier": [],
            "name": "Infra Dashboards",
            "permissions": [
              {
                "actions": [
                  "READ",
                  "WRITE"
                ],
                "principal_id": "HHU_FkzAwAQ",
                "principal_type": "ORG"
              }
            ],
            "teams": null
          },
          "sensitive_attributes": [],
          "identity_schema_version": 0,
          "private": "bnVsbA=="
        }
      ]
    },
    {
      "mode": "managed",
      "type": "signalfx_time_chart",
      "name": "cpu",
      "provider": "provider[\"registry.terraform.io/splunk-terraform/signalfx\"]",
      "instances": [
        {
          "schema_version": 1,
          "attributes": {
            "axes_include_zero": false,
            "axes_precision": 3,
            "axis_left": [],
            "axis_right": [],
            "color_by": "Dimension",
            "description": "",
            "disable_sampling": false,
            "end_time": null,
            "event_options": [],
            "histogram_options": [],
            "id": "HHfjNDzA4AU",
            "legend_fields_to_hide": null,
            "legend_options_fields": [],
            "max_delay": null,
            "minimum_resolution": null,
            "name": "CPU Utilization",
            "on_chart_legend_dimension": null,
            "plot_type": "LineChart",
            "program_text": "A = data(\"cpu.utilization\").publish(label=\"CPU\")\n",
            "show_data_markers": false,
            "show_event_lines": false,
            "stacked": false,
            "start_time": null,
            "tags": null,
            "time_range": null,
            "timezone": "UTC",
            "unit_prefix": "Metric",
            "url": "https://app.us1.observability.splunkcloud.com/#/chart/HHfjNDzA4AU",
            "viz_options": []
          },
          "sensitive_attributes": [],
          "identity_schema_version": 0,
          "private": "eyJzY2hlbWFfdmVyc2lvbiI6IjEifQ=="
        }
      ]
    },
    {
      "mode": "managed",
      "type": "signalfx_time_chart",
      "name": "memory",
      "provider": "provider[\"registry.terraform.io/splunk-terraform/signalfx\"]",
      "instances": [
        {
          "schema_version": 1,
          "attributes": {
            "axes_include_zero": false,
            "axes_precision": 3,
            "axis_left": [],
            "axis_right": [],
            "color_by": "Dimension",
            "description": "",
            "disable_sampling": false,
            "end_time": null,
            "event_options": [],
            "histogram_options": [],
            "id": "HHfjPBIA0AA",
            "legend_fields_to_hide": null,
            "legend_options_fields": [],
            "max_delay": null,
            "minimum_resolution": null,
            "name": "Memory Utilization",
            "on_chart_legend_dimension": null,
            "plot_type": "LineChart",
            "program_text": "A = data(\"memory.utilization\").publish(label=\"Memory\")\n",
            "show_data_markers": false,
            "show_event_lines": false,
            "stacked": false,
            "start_time": null,
            "tags": null,
            "time_range": null,
            "timezone": "UTC",
            "unit_prefix": "Metric",
            "url": "https://app.us1.observability.splunkcloud.com/#/chart/HHfjPBIA0AA",
            "viz_options": []
          },
          "sensitive_attributes": [],
          "identity_schema_version": 0,
          "private": "eyJzY2hlbWFfdmVyc2lvbiI6IjEifQ=="
        }
      ]
    }
  ],
  "check_results": null
}
